
Microsoft Visual Studio Solution File, Format Version 12.00
# Visual Studio Version 16
VisualStudioVersion = 16.0.30621.155
MinimumVisualStudioVersion = 10.0.40219.1
Project("{FAE04EC0-301F-11D3-BF4B-00C04F79EFBC}") = "ISP11_17_Petrov_Galimova_Autorization", "ISP11_17_Petrov_Galimova_Autorization.csproj", "{96B75F18-45CF-42A9-90A3-D982E2E5B2AB}"
EndProject
Global
	GlobalSection(SolutionConfigurationPlatforms) = preSolution
		Debug|Any CPU = Debug|Any CPU
		Release|Any CPU = Release|Any CPU
	EndGlobalSection
	GlobalSection(ProjectConfigurationPlatforms) = postSolution
		{96B75F18-45CF-42A9-90A3-D982E2E5B2AB}.Debug|Any CPU.ActiveCfg = Debug|Any CPU
		{96B75F18-45CF-42A9-90A3-D982E2E5B2AB}.Debug|Any CPU.Build.0 = Debug|Any CPU
		{96B75F18-45CF-42A9-90A3-D982E2E5B2AB}.Release|Any CPU.ActiveCfg = Release|Any CPU
		{96B75F18-45CF-42A9-90A3-D982E2E5B2AB}.Release|Any CPU.Build.0 = Release|Any CPU
	EndGlobalSection
	GlobalSection(SolutionProperties) = preSolution
		HideSolutionNode = FALSE
	EndGlobalSection
	GlobalSection(ExtensibilityGlobals) = postSolution
		SolutionGuid = {588F763C-4B1D-43BD-AE5A-B0E1D6AB3C08}
	EndGlobalSection
EndGlobal
